
Microsoft Visual Studio Solution File, Format Version 12.00
Project("{FAE04EC0-301F-11D3-BF4B-00C04F79EFBC}") = "NKDiscordChatWidget", "NKDiscordChatWidget\NKDiscordChatWidget.csproj", "{6C79B210-5884-4542-A342-009939DFEC28}"
EndProject
Project("{FAE04EC0-301F-11D3-BF4B-00C04F79EFBC}") = "MarkdownTest", "MarkdownTest\MarkdownTest.csproj", "{53D3D777-E23F-4F04-9FB8-784347821119}"
EndProject
Global
	GlobalSection(SolutionConfigurationPlatforms) = preSolution
		Debug|Any CPU = Debug|Any CPU
		Release|Any CPU = Release|Any CPU
	EndGlobalSection
	GlobalSection(ProjectConfigurationPlatforms) = postSolution
		{6C79B210-5884-4542-A342-009939DFEC28}.Debug|Any CPU.ActiveCfg = Debug|Any CPU
		{6C79B210-5884-4542-A342-009939DFEC28}.Debug|Any CPU.Build.0 = Debug|Any CPU
		{6C79B210-5884-4542-A342-009939DFEC28}.Release|Any CPU.ActiveCfg = Release|Any CPU
		{6C79B210-5884-4542-A342-009939DFEC28}.Release|Any CPU.Build.0 = Release|Any CPU
		{53D3D777-E23F-4F04-9FB8-784347821119}.Debug|Any CPU.ActiveCfg = Debug|Any CPU
		{53D3D777-E23F-4F04-9FB8-784347821119}.Debug|Any CPU.Build.0 = Debug|Any CPU
		{53D3D777-E23F-4F04-9FB8-784347821119}.Release|Any CPU.ActiveCfg = Release|Any CPU
		{53D3D777-E23F-4F04-9FB8-784347821119}.Release|Any CPU.Build.0 = Release|Any CPU
	EndGlobalSection
EndGlobal
